// !$*UTF8*$!
{
	archiveVersion = 1;
	classes = {
	};
	objectVersion = 56;
	objects = {

/* Begin PBXBuildFile section */
		CEC1C6D82A72C92900605A52 /* AppDelegate.swift in Sources */ = {isa = PBXBuildFile; fileRef = CEC1C6D72A72C92900605A52 /* AppDelegate.swift */; };
		CEC1C6DA2A72C92900605A52 /* SceneDelegate.swift in Sources */ = {isa = PBXBuildFile; fileRef = CEC1C6D92A72C92900605A52 /* SceneDelegate.swift */; };
		CEC1C6E12A72C92B00605A52 /* Assets.xcassets in Resources */ = {isa = PBXBuildFile; fileRef = CEC1C6E02A72C92B00605A52 /* Assets.xcassets */; };
		CEC1C6E42A72C92B00605A52 /* LaunchScreen.storyboard in Resources */ = {isa = PBXBuildFile; fileRef = CEC1C6E22A72C92B00605A52 /* LaunchScreen.storyboard */; };
		CEC1C6EE2A72CD8100605A52 /* FirstViewController.swift in Sources */ = {isa = PBXBuildFile; fileRef = CEC1C6EC2A72CD8100605A52 /* FirstViewController.swift */; };
		CEC1C6F12A72CDA100605A52 /* FirstViewModel.swift in Sources */ = {isa = PBXBuildFile; fileRef = CEC1C6F02A72CDA100605A52 /* FirstViewModel.swift */; };
		CEC1C6F32A72CDCC00605A52 /* FirstInterfaces.swift in Sources */ = {isa = PBXBuildFile; fileRef = CEC1C6F22A72CDCC00605A52 /* FirstInterfaces.swift */; };
		CEC1C6FE2A7412CD00605A52 /* CustomButton.swift in Sources */ = {isa = PBXBuildFile; fileRef = CEC1C6FD2A7412CD00605A52 /* CustomButton.swift */; };
		CEC1C7002A744D4700605A52 /* CustomPicker.swift in Sources */ = {isa = PBXBuildFile; fileRef = CEC1C6FF2A744D4700605A52 /* CustomPicker.swift */; };
		CEC1C7022A74FFC500605A52 /* BaseViewController.swift in Sources */ = {isa = PBXBuildFile; fileRef = CEC1C7012A74FFC500605A52 /* BaseViewController.swift */; };
		CEC1C7052A75354900605A52 /* CustomPlayer.swift in Sources */ = {isa = PBXBuildFile; fileRef = CEC1C7042A75354900605A52 /* CustomPlayer.swift */; };
		CEF67A552A75492000ED7496 /* FirstViewController.xib in Resources */ = {isa = PBXBuildFile; fileRef = CEF67A542A75492000ED7496 /* FirstViewController.xib */; };
		CEF67A592A75586900ED7496 /* PickerModel.swift in Sources */ = {isa = PBXBuildFile; fileRef = CEF67A582A75586900ED7496 /* PickerModel.swift */; };
		CEF67A5D2A75605600ED7496 /* AppManager.swift in Sources */ = {isa = PBXBuildFile; fileRef = CEF67A5C2A75605600ED7496 /* AppManager.swift */; };
		CEF67A5F2A75631E00ED7496 /* Router.swift in Sources */ = {isa = PBXBuildFile; fileRef = CEF67A5E2A75631E00ED7496 /* Router.swift */; };
		CEF67A612A7565F400ED7496 /* StringManager.swift in Sources */ = {isa = PBXBuildFile; fileRef = CEF67A602A7565F400ED7496 /* StringManager.swift */; };
/* End PBXBuildFile section */

/* Begin PBXFileReference section */
		CEC1C6D42A72C92900605A52 /* GalleryEf.app */ = {isa = PBXFileReference; explicitFileType = wrapper.application; includeInIndex = 0; path = GalleryEf.app; sourceTree = BUILT_PRODUCTS_DIR; };
		CEC1C6D72A72C92900605A52 /* AppDelegate.swift */ = {isa = PBXFileReference; lastKnownFileType = sourcecode.swift; path = AppDelegate.swift; sourceTree = "<group>"; };
		CEC1C6D92A72C92900605A52 /* SceneDelegate.swift */ = {isa = PBXFileReference; lastKnownFileType = sourcecode.swift; path = SceneDelegate.swift; sourceTree = "<group>"; };
		CEC1C6E02A72C92B00605A52 /* Assets.xcassets */ = {isa = PBXFileReference; lastKnownFileType = folder.assetcatalog; path = Assets.xcassets; sourceTree = "<group>"; };
		CEC1C6E32A72C92B00605A52 /* Base */ = {isa = PBXFileReference; lastKnownFileType = file.storyboard; name = Base; path = Base.lproj/LaunchScreen.storyboard; sourceTree = "<group>"; };
		CEC1C6E52A72C92B00605A52 /* Info.plist */ = {isa = PBXFileReference; lastKnownFileType = text.plist.xml; path = Info.plist; sourceTree = "<group>"; };
		CEC1C6EC2A72CD8100605A52 /* FirstViewController.swift */ = {isa = PBXFileReference; lastKnownFileType = sourcecode.swift; path = FirstViewController.swift; sourceTree = "<group>"; };
		CEC1C6F02A72CDA100605A52 /* FirstViewModel.swift */ = {isa = PBXFileReference; lastKnownFileType = sourcecode.swift; path = FirstViewModel.swift; sourceTree = "<group>"; };
		CEC1C6F22A72CDCC00605A52 /* FirstInterfaces.swift */ = {isa = PBXFileReference; lastKnownFileType = sourcecode.swift; path = FirstInterfaces.swift; sourceTree = "<group>"; };
		CEC1C6FD2A7412CD00605A52 /* CustomButton.swift */ = {isa = PBXFileReference; lastKnownFileType = sourcecode.swift; path = CustomButton.swift; sourceTree = "<group>"; };
		CEC1C6FF2A744D4700605A52 /* CustomPicker.swift */ = {isa = PBXFileReference; lastKnownFileType = sourcecode.swift; path = CustomPicker.swift; sourceTree = "<group>"; };
		CEC1C7012A74FFC500605A52 /* BaseViewController.swift */ = {isa = PBXFileReference; lastKnownFileType = sourcecode.swift; path = BaseViewController.swift; sourceTree = "<group>"; };
		CEC1C7042A75354900605A52 /* CustomPlayer.swift */ = {isa = PBXFileReference; lastKnownFileType = sourcecode.swift; path = CustomPlayer.swift; sourceTree = "<group>"; };
		CEF67A542A75492000ED7496 /* FirstViewController.xib */ = {isa = PBXFileReference; lastKnownFileType = file.xib; path = FirstViewController.xib; sourceTree = "<group>"; };
		CEF67A582A75586900ED7496 /* PickerModel.swift */ = {isa = PBXFileReference; lastKnownFileType = sourcecode.swift; path = PickerModel.swift; sourceTree = "<group>"; };
		CEF67A5C2A75605600ED7496 /* AppManager.swift */ = {isa = PBXFileReference; lastKnownFileType = sourcecode.swift; path = AppManager.swift; sourceTree = "<group>"; };
		CEF67A5E2A75631E00ED7496 /* Router.swift */ = {isa = PBXFileReference; lastKnownFileType = sourcecode.swift; path = Router.swift; sourceTree = "<group>"; };
		CEF67A602A7565F400ED7496 /* StringManager.swift */ = {isa = PBXFileReference; lastKnownFileType = sourcecode.swift; path = StringManager.swift; sourceTree = "<group>"; };
/* End PBXFileReference section */

/* Begin PBXFrameworksBuildPhase section */
		CEC1C6D12A72C92900605A52 /* Frameworks */ = {
			isa = PBXFrameworksBuildPhase;
			buildActionMask = 2147483647;
			files = (
			);
			runOnlyForDeploymentPostprocessing = 0;
		};
/* End PBXFrameworksBuildPhase section */

/* Begin PBXGroup section */
		CEC1C6CB2A72C92900605A52 = {
			isa = PBXGroup;
			children = (
				CEC1C6D62A72C92900605A52 /* GalleryEf */,
				CEC1C6D52A72C92900605A52 /* Products */,
			);
			sourceTree = "<group>";
		};
		CEC1C6D52A72C92900605A52 /* Products */ = {
			isa = PBXGroup;
			children = (
				CEC1C6D42A72C92900605A52 /* GalleryEf.app */,
			);
			name = Products;
			sourceTree = "<group>";
		};
		CEC1C6D62A72C92900605A52 /* GalleryEf */ = {
			isa = PBXGroup;
			children = (
				CEF67A5B2A755B8600ED7496 /* Managers */,
				CEF67A5A2A7558CC00ED7496 /* GlobalVodel */,
				CEC1C7032A7500FF00605A52 /* CustomUIElements */,
				CEC1C6EB2A72CADF00605A52 /* FirstController */,
				CEC1C6D72A72C92900605A52 /* AppDelegate.swift */,
				CEC1C6D92A72C92900605A52 /* SceneDelegate.swift */,
				CEC1C6E02A72C92B00605A52 /* Assets.xcassets */,
				CEC1C6E22A72C92B00605A52 /* LaunchScreen.storyboard */,
				CEC1C6E52A72C92B00605A52 /* Info.plist */,
			);
			path = GalleryEf;
			sourceTree = "<group>";
		};
		CEC1C6EB2A72CADF00605A52 /* FirstController */ = {
			isa = PBXGroup;
			children = (
				CEF67A572A754BD800ED7496 /* ViewModel */,
				CEF67A562A754BCA00ED7496 /* Model */,
				CEC1C7062A75479A00605A52 /* View */,
			);
			path = FirstController;
			sourceTree = "<group>";
		};
		CEC1C7032A7500FF00605A52 /* CustomUIElements */ = {
			isa = PBXGroup;
			children = (
				CEC1C6FD2A7412CD00605A52 /* CustomButton.swift */,
				CEC1C6FF2A744D4700605A52 /* CustomPicker.swift */,
				CEC1C7012A74FFC500605A52 /* BaseViewController.swift */,
				CEC1C7042A75354900605A52 /* CustomPlayer.swift */,
			);
			path = CustomUIElements;
			sourceTree = "<group>";
		};
		CEC1C7062A75479A00605A52 /* View */ = {
			isa = PBXGroup;
			children = (
				CEC1C6EC2A72CD8100605A52 /* FirstViewController.swift */,
				CEF67A542A75492000ED7496 /* FirstViewController.xib */,
			);
			path = View;
			sourceTree = "<group>";
		};
		CEF67A562A754BCA00ED7496 /* Model */ = {
			isa = PBXGroup;
			children = (
			);
			path = Model;
			sourceTree = "<group>";
		};
		CEF67A572A754BD800ED7496 /* ViewModel */ = {
			isa = PBXGroup;
			children = (
				CEC1C6F22A72CDCC00605A52 /* FirstInterfaces.swift */,
				CEC1C6F02A72CDA100605A52 /* FirstViewModel.swift */,
			);
			path = ViewModel;
			sourceTree = "<group>";
		};
		CEF67A5A2A7558CC00ED7496 /* GlobalVodel */ = {
			isa = PBXGroup;
			children = (
				CEF67A582A75586900ED7496 /* PickerModel.swift */,
			);
			path = GlobalVodel;
			sourceTree = "<group>";
		};
		CEF67A5B2A755B8600ED7496 /* Managers */ = {
			isa = PBXGroup;
			children = (
				CEF67A5C2A75605600ED7496 /* AppManager.swift */,
				CEF67A5E2A75631E00ED7496 /* Router.swift */,
				CEF67A602A7565F400ED7496 /* StringManager.swift */,
			);
			path = Managers;
			sourceTree = "<group>";
		};
/* End PBXGroup section */

/* Begin PBXNativeTarget section */
		CEC1C6D32A72C92900605A52 /* GalleryEf */ = {
			isa = PBXNativeTarget;
			buildConfigurationList = CEC1C6E82A72C92B00605A52 /* Build configuration list for PBXNativeTarget "GalleryEf" */;
			buildPhases = (
				CEC1C6D02A72C92900605A52 /* Sources */,
				CEC1C6D12A72C92900605A52 /* Frameworks */,
				CEC1C6D22A72C92900605A52 /* Resources */,
			);
			buildRules = (
			);
			dependencies = (
			);
			name = GalleryEf;
			productName = GalleryEf;
			productReference = CEC1C6D42A72C92900605A52 /* GalleryEf.app */;
			productType = "com.apple.product-type.application";
		};
/* End PBXNativeTarget section */

/* Begin PBXProject section */
		CEC1C6CC2A72C92900605A52 /* Project object */ = {
			isa = PBXProject;
			attributes = {
				BuildIndependentTargetsInParallel = 1;
				LastSwiftUpdateCheck = 1420;
				LastUpgradeCheck = 1420;
				TargetAttributes = {
					CEC1C6D32A72C92900605A52 = {
						CreatedOnToolsVersion = 14.2;
					};
				};
			};
			buildConfigurationList = CEC1C6CF2A72C92900605A52 /* Build configuration list for PBXProject "GalleryEf" */;
			compatibilityVersion = "Xcode 14.0";
			developmentRegion = en;
			hasScannedForEncodings = 0;
			knownRegions = (
				en,
				Base,
			);
			mainGroup = CEC1C6CB2A72C92900605A52;
			productRefGroup = CEC1C6D52A72C92900605A52 /* Products */;
			projectDirPath = "";
			projectRoot = "";
			targets = (
				CEC1C6D32A72C92900605A52 /* GalleryEf */,
			);
		};
/* End PBXProject section */

/* Begin PBXResourcesBuildPhase section */
		CEC1C6D22A72C92900605A52 /* Resources */ = {
			isa = PBXResourcesBuildPhase;
			buildActionMask = 2147483647;
			files = (
				CEC1C6E42A72C92B00605A52 /* LaunchScreen.storyboard in Resources */,
				CEF67A552A75492000ED7496 /* FirstViewController.xib in Resources */,
				CEC1C6E12A72C92B00605A52 /* Assets.xcassets in Resources */,
			);
			runOnlyForDeploymentPostprocessing = 0;
		};
/* End PBXResourcesBuildPhase section */

/* Begin PBXSourcesBuildPhase section */
		CEC1C6D02A72C92900605A52 /* Sources */ = {
			isa = PBXSourcesBuildPhase;
			buildActionMask = 2147483647;
			files = (
				CEC1C6EE2A72CD8100605A52 /* FirstViewController.swift in Sources */,
				CEC1C6F32A72CDCC00605A52 /* FirstInterfaces.swift in Sources */,
				CEC1C6D82A72C92900605A52 /* AppDelegate.swift in Sources */,
				CEF67A612A7565F400ED7496 /* StringManager.swift in Sources */,
				CEF67A592A75586900ED7496 /* PickerModel.swift in Sources */,
				CEF67A5F2A75631E00ED7496 /* Router.swift in Sources */,
				CEC1C6DA2A72C92900605A52 /* SceneDelegate.swift in Sources */,
				CEC1C6FE2A7412CD00605A52 /* CustomButton.swift in Sources */,
				CEC1C7022A74FFC500605A52 /* BaseViewController.swift in Sources */,
				CEF67A5D2A75605600ED7496 /* AppManager.swift in Sources */,
				CEC1C7002A744D4700605A52 /* CustomPicker.swift in Sources */,
				CEC1C6F12A72CDA100605A52 /* FirstViewModel.swift in Sources */,
				CEC1C7052A75354900605A52 /* CustomPlayer.swift in Sources */,
			);
			runOnlyForDeploymentPostprocessing = 0;
		};
/* End PBXSourcesBuildPhase section */

/* Begin PBXVariantGroup section */
		CEC1C6E22A72C92B00605A52 /* LaunchScreen.storyboard */ = {
			isa = PBXVariantGroup;
			children = (
				CEC1C6E32A72C92B00605A52 /* Base */,
			);
			name = LaunchScreen.storyboard;
			sourceTree = "<group>";
		};
/* End PBXVariantGroup section */

/* Begin XCBuildConfiguration section */
		CEC1C6E62A72C92B00605A52 /* Debug */ = {
			isa = XCBuildConfiguration;
			buildSettings = {
				ALWAYS_SEARCH_USER_PATHS = NO;
				CLANG_ANALYZER_NONNULL = YES;
				CLANG_ANALYZER_NUMBER_OBJECT_CONVERSION = YES_AGGRESSIVE;
				CLANG_CXX_LANGUAGE_STANDARD = "gnu++20";
				CLANG_ENABLE_MODULES = YES;
				CLANG_ENABLE_OBJC_ARC = YES;
				CLANG_ENABLE_OBJC_WEAK = YES;
				CLANG_WARN_BLOCK_CAPTURE_AUTORELEASING = YES;
				CLANG_WARN_BOOL_CONVERSION = YES;
				CLANG_WARN_COMMA = YES;
				CLANG_WARN_CONSTANT_CONVERSION = YES;
				CLANG_WARN_DEPRECATED_OBJC_IMPLEMENTATIONS = YES;
				CLANG_WARN_DIRECT_OBJC_ISA_USAGE = YES_ERROR;
				CLANG_WARN_DOCUMENTATION_COMMENTS = YES;
				CLANG_WARN_EMPTY_BODY = YES;
				CLANG_WARN_ENUM_CONVERSION = YES;
				CLANG_WARN_INFINITE_RECURSION = YES;
				CLANG_WARN_INT_CONVERSION = YES;
				CLANG_WARN_NON_LITERAL_NULL_CONVERSION = YES;
				CLANG_WARN_OBJC_IMPLICIT_RETAIN_SELF = YES;
				CLANG_WARN_OBJC_LITERAL_CONVERSION = YES;
				CLANG_WARN_OBJC_ROOT_CLASS = YES_ERROR;
				CLANG_WARN_QUOTED_INCLUDE_IN_FRAMEWORK_HEADER = YES;
				CLANG_WARN_RANGE_LOOP_ANALYSIS = YES;
				CLANG_WARN_STRICT_PROTOTYPES = YES;
				CLANG_WARN_SUSPICIOUS_MOVE = YES;
				CLANG_WARN_UNGUARDED_AVAILABILITY = YES_AGGRESSIVE;
				CLANG_WARN_UNREACHABLE_CODE = YES;
				CLANG_WARN__DUPLICATE_METHOD_MATCH = YES;
				COPY_PHASE_STRIP = NO;
				DEBUG_INFORMATION_FORMAT = dwarf;
				ENABLE_STRICT_OBJC_MSGSEND = YES;
				ENABLE_TESTABILITY = YES;
				GCC_C_LANGUAGE_STANDARD = gnu11;
				GCC_DYNAMIC_NO_PIC = NO;
				GCC_NO_COMMON_BLOCKS = YES;
				GCC_OPTIMIZATION_LEVEL = 0;
				GCC_PREPROCESSOR_DEFINITIONS = (
					"DEBUG=1",
					"$(inherited)",
				);
				GCC_WARN_64_TO_32_BIT_CONVERSION = YES;
				GCC_WARN_ABOUT_RETURN_TYPE = YES_ERROR;
				GCC_WARN_UNDECLARED_SELECTOR = YES;
				GCC_WARN_UNINITIALIZED_AUTOS = YES_AGGRESSIVE;
				GCC_WARN_UNUSED_FUNCTION = YES;
				GCC_WARN_UNUSED_VARIABLE = YES;
				IPHONEOS_DEPLOYMENT_TARGET = 16.2;
				MTL_ENABLE_DEBUG_INFO = INCLUDE_SOURCE;
				MTL_FAST_MATH = YES;
				ONLY_ACTIVE_ARCH = YES;
				SDKROOT = iphoneos;
				SWIFT_ACTIVE_COMPILATION_CONDITIONS = DEBUG;
				SWIFT_OPTIMIZATION_LEVEL = "-Onone";
			};
			name = Debug;
		};
		CEC1C6E72A72C92B00605A52 /* Release */ = {
			isa = XCBuildConfiguration;
			buildSettings = {
				ALWAYS_SEARCH_USER_PATHS = NO;
				CLANG_ANALYZER_NONNULL = YES;
				CLANG_ANALYZER_NUMBER_OBJECT_CONVERSION = YES_AGGRESSIVE;
				CLANG_CXX_LANGUAGE_STANDARD = "gnu++20";
				CLANG_ENABLE_MODULES = YES;
				CLANG_ENABLE_OBJC_ARC = YES;
				CLANG_ENABLE_OBJC_WEAK = YES;
				CLANG_WARN_BLOCK_CAPTURE_AUTORELEASING = YES;
				CLANG_WARN_BOOL_CONVERSION = YES;
				CLANG_WARN_COMMA = YES;
				CLANG_WARN_CONSTANT_CONVERSION = YES;
				CLANG_WARN_DEPRECATED_OBJC_IMPLEMENTATIONS = YES;
				CLANG_WARN_DIRECT_OBJC_ISA_USAGE = YES_ERROR;
				CLANG_WARN_DOCUMENTATION_COMMENTS = YES;
				CLANG_WARN_EMPTY_BODY = YES;
				CLANG_WARN_ENUM_CONVERSION = YES;
				CLANG_WARN_INFINITE_RECURSION = YES;
				CLANG_WARN_INT_CONVERSION = YES;
				CLANG_WARN_NON_LITERAL_NULL_CONVERSION = YES;
				CLANG_WARN_OBJC_IMPLICIT_RETAIN_SELF = YES;
				CLANG_WARN_OBJC_LITERAL_CONVERSION = YES;
				CLANG_WARN_OBJC_ROOT_CLASS = YES_ERROR;
				CLANG_WARN_QUOTED_INCLUDE_IN_FRAMEWORK_HEADER = YES;
				CLANG_WARN_RANGE_LOOP_ANALYSIS = YES;
				CLANG_WARN_STRICT_PROTOTYPES = YES;
				CLANG_WARN_SUSPICIOUS_MOVE = YES;
				CLANG_WARN_UNGUARDED_AVAILABILITY = YES_AGGRESSIVE;
				CLANG_WARN_UNREACHABLE_CODE = YES;
				CLANG_WARN__DUPLICATE_METHOD_MATCH = YES;
				COPY_PHASE_STRIP = NO;
				DEBUG_INFORMATION_FORMAT = "dwarf-with-dsym";
				ENABLE_NS_ASSERTIONS = NO;
				ENABLE_STRICT_OBJC_MSGSEND = YES;
				GCC_C_LANGUAGE_STANDARD = gnu11;
				GCC_NO_COMMON_BLOCKS = YES;
				GCC_WARN_64_TO_32_BIT_CONVERSION = YES;
				GCC_WARN_ABOUT_RETURN_TYPE = YES_ERROR;
				GCC_WARN_UNDECLARED_SELECTOR = YES;
				GCC_WARN_UNINITIALIZED_AUTOS = YES_AGGRESSIVE;
				GCC_WARN_UNUSED_FUNCTION = YES;
				GCC_WARN_UNUSED_VARIABLE = YES;
				IPHONEOS_DEPLOYMENT_TARGET = 16.2;
				MTL_ENABLE_DEBUG_INFO = NO;
				MTL_FAST_MATH = YES;
				SDKROOT = iphoneos;
				SWIFT_COMPILATION_MODE = wholemodule;
				SWIFT_OPTIMIZATION_LEVEL = "-O";
				VALIDATE_PRODUCT = YES;
			};
			name = Release;
		};
		CEC1C6E92A72C92B00605A52 /* Debug */ = {
			isa = XCBuildConfiguration;
			buildSettings = {
				ASSETCATALOG_COMPILER_APPICON_NAME = AppIcon;
				ASSETCATALOG_COMPILER_GLOBAL_ACCENT_COLOR_NAME = AccentColor;
				CODE_SIGN_STYLE = Automatic;
				CURRENT_PROJECT_VERSION = 1;
				DEVELOPMENT_TEAM = 364PACBHLP;
				GENERATE_INFOPLIST_FILE = YES;
				INFOPLIST_FILE = GalleryEf/Info.plist;
				INFOPLIST_KEY_NSCameraUsageDescription = "This app will use camera.";
				INFOPLIST_KEY_NSPhotoLibraryAddUsageDescription = "Please allow access to save photo in your photo library";
				INFOPLIST_KEY_NSPhotoLibraryUsageDescription = "You can select photos to attach to reports.";
				INFOPLIST_KEY_UIApplicationSupportsIndirectInputEvents = YES;
				INFOPLIST_KEY_UILaunchStoryboardName = LaunchScreen;
				INFOPLIST_KEY_UIStatusBarStyle = "";
				INFOPLIST_KEY_UISupportedInterfaceOrientations_iPad = "UIInterfaceOrientationPortrait UIInterfaceOrientationPortraitUpsideDown UIInterfaceOrientationLandscapeLeft UIInterfaceOrientationLandscapeRight";
				INFOPLIST_KEY_UISupportedInterfaceOrientations_iPhone = "UIInterfaceOrientationPortrait UIInterfaceOrientationLandscapeLeft UIInterfaceOrientationLandscapeRight";
				IPHONEOS_DEPLOYMENT_TARGET = 14.0;
				LD_RUNPATH_SEARCH_PATHS = (
					"$(inherited)",
					"@executable_path/Frameworks",
				);
				MARKETING_VERSION = 1.0;
				PRODUCT_BUNDLE_IDENTIFIER = Yefimenko.GalleryEf;
				PRODUCT_NAME = "$(TARGET_NAME)";
				SWIFT_EMIT_LOC_STRINGS = YES;
				SWIFT_VERSION = 5.0;
				TARGETED_DEVICE_FAMILY = "1,2";
			};
			name = Debug;
		};
		CEC1C6EA2A72C92B00605A52 /* Release */ = {
			isa = XCBuildConfiguration;
			buildSettings = {
				ASSETCATALOG_COMPILER_APPICON_NAME = AppIcon;
				ASSETCATALOG_COMPILER_GLOBAL_ACCENT_COLOR_NAME = AccentColor;
				CODE_SIGN_STYLE = Automatic;
				CURRENT_PROJECT_VERSION = 1;
				DEVELOPMENT_TEAM = 364PACBHLP;
				GENERATE_INFOPLIST_FILE = YES;
				INFOPLIST_FILE = GalleryEf/Info.plist;
				INFOPLIST_KEY_NSCameraUsageDescription = "This app will use camera.";
				INFOPLIST_KEY_NSPhotoLibraryAddUsageDescription = "Please allow access to save photo in your photo library";
				INFOPLIST_KEY_NSPhotoLibraryUsageDescription = "You can select photos to attach to reports.";
				INFOPLIST_KEY_UIApplicationSupportsIndirectInputEvents = YES;
				INFOPLIST_KEY_UILaunchStoryboardName = LaunchScreen;
				INFOPLIST_KEY_UIStatusBarStyle = "";
				INFOPLIST_KEY_UISupportedInterfaceOrientations_iPad = "UIInterfaceOrientationPortrait UIInterfaceOrientationPortraitUpsideDown UIInterfaceOrientationLandscapeLeft UIInterfaceOrientationLandscapeRight";
				INFOPLIST_KEY_UISupportedInterfaceOrientations_iPhone = "UIInterfaceOrientationPortrait UIInterfaceOrientationLandscapeLeft UIInterfaceOrientationLandscapeRight";
				IPHONEOS_DEPLOYMENT_TARGET = 14.0;
				LD_RUNPATH_SEARCH_PATHS = (
					"$(inherited)",
					"@executable_path/Frameworks",
				);
				MARKETING_VERSION = 1.0;
				PRODUCT_BUNDLE_IDENTIFIER = Yefimenko.GalleryEf;
				PRODUCT_NAME = "$(TARGET_NAME)";
				SWIFT_EMIT_LOC_STRINGS = YES;
				SWIFT_VERSION = 5.0;
				TARGETED_DEVICE_FAMILY = "1,2";
			};
			name = Release;
		};
/* End XCBuildConfiguration section */

/* Begin XCConfigurationList section */
		CEC1C6CF2A72C92900605A52 /* Build configuration list for PBXProject "GalleryEf" */ = {
			isa = XCConfigurationList;
			buildConfigurations = (
				CEC1C6E62A72C92B00605A52 /* Debug */,
				CEC1C6E72A72C92B00605A52 /* Release */,
			);
			defaultConfigurationIsVisible = 0;
			defaultConfigurationName = Release;
		};
		CEC1C6E82A72C92B00605A52 /* Build configuration list for PBXNativeTarget "GalleryEf" */ = {
			isa = XCConfigurationList;
			buildConfigurations = (
				CEC1C6E92A72C92B00605A52 /* Debug */,
				CEC1C6EA2A72C92B00605A52 /* Release */,
			);
			defaultConfigurationIsVisible = 0;
			defaultConfigurationName = Release;
		};
/* End XCConfigurationList section */
	};
	rootObject = CEC1C6CC2A72C92900605A52 /* Project object */;
}
